
Microsoft Visual Studio Solution File, Format Version 12.00
# Visual Studio Version 16
VisualStudioVersion = 16.0.31005.135
MinimumVisualStudioVersion = 10.0.40219.1
Project("{FAE04EC0-301F-11D3-BF4B-00C04F79EFBC}") = "Battery_Shop", "Battery_Shop\Battery_Shop.csproj", "{86BA7E3B-B9E8-40E2-A3E4-F28C6468158B}"
EndProject
Global
	GlobalSection(SolutionConfigurationPlatforms) = preSolution
		Debug|Any CPU = Debug|Any CPU
		Release|Any CPU = Release|Any CPU
	EndGlobalSection
	GlobalSection(ProjectConfigurationPlatforms) = postSolution
		{86BA7E3B-B9E8-40E2-A3E4-F28C6468158B}.Debug|Any CPU.ActiveCfg = Debug|Any CPU
		{86BA7E3B-B9E8-40E2-A3E4-F28C6468158B}.Debug|Any CPU.Build.0 = Debug|Any CPU
		{86BA7E3B-B9E8-40E2-A3E4-F28C6468158B}.Release|Any CPU.ActiveCfg = Release|Any CPU
		{86BA7E3B-B9E8-40E2-A3E4-F28C6468158B}.Release|Any CPU.Build.0 = Release|Any CPU
	EndGlobalSection
	GlobalSection(SolutionProperties) = preSolution
		HideSolutionNode = FALSE
	EndGlobalSection
	GlobalSection(ExtensibilityGlobals) = postSolution
		SolutionGuid = {709D141D-C66A-432A-89CD-BD7BFF29D70B}
	EndGlobalSection
EndGlobal
